
Microsoft Visual Studio Solution File, Format Version 12.00
# Visual Studio 15
VisualStudioVersion = 15.0.28010.2003
MinimumVisualStudioVersion = 10.0.40219.1
Project("{FAE04EC0-301F-11D3-BF4B-00C04F79EFBC}") = "Sales.Android", "Sales\Sales.Android\Sales.Android.csproj", "{18150117-60E1-4D88-8FB0-0CD1C32E77EB}"
EndProject
Project("{FAE04EC0-301F-11D3-BF4B-00C04F79EFBC}") = "Sales.iOS", "Sales\Sales.iOS\Sales.iOS.csproj", "{49CEF71A-381B-47FC-8F61-23B203A75CCE}"
EndProject
Project("{FAE04EC0-301F-11D3-BF4B-00C04F79EFBC}") = "Sales", "Sales\Sales\Sales.csproj", "{C5105912-86DD-463C-8253-F0F9233736AB}"
EndProject
Project("{F184B08F-C81C-45F6-A57F-5ABD9991F28F}") = "Sales.Backend", "Sales.Backend\Sales.Backend.vbproj", "{35267A96-552A-4F38-B3FF-59F409349D53}"
EndProject
Project("{F184B08F-C81C-45F6-A57F-5ABD9991F28F}") = "Sales.API", "Sales.API\Sales.API.vbproj", "{355D075B-A2A7-4DE2-AD3C-507713ACA371}"
EndProject
Project("{FAE04EC0-301F-11D3-BF4B-00C04F79EFBC}") = "Sales.Domain", "Sales.Domain\Sales.Domain.csproj", "{34E8B997-93EF-42F8-8BF8-7B0EF45BD825}"
EndProject
Project("{FAE04EC0-301F-11D3-BF4B-00C04F79EFBC}") = "Sales.Common", "Sales.Common\Sales.Common.csproj", "{3E9CE072-DA24-485C-9256-3DDFB9BA08C9}"
EndProject
Global
	GlobalSection(SolutionConfigurationPlatforms) = preSolution
		Ad-Hoc|Any CPU = Ad-Hoc|Any CPU
		Ad-Hoc|iPhone = Ad-Hoc|iPhone
		Ad-Hoc|iPhoneSimulator = Ad-Hoc|iPhoneSimulator
		AppStore|Any CPU = AppStore|Any CPU
		AppStore|iPhone = AppStore|iPhone
		AppStore|iPhoneSimulator = AppStore|iPhoneSimulator
		Debug|Any CPU = Debug|Any CPU
		Debug|iPhone = Debug|iPhone
		Debug|iPhoneSimulator = Debug|iPhoneSimulator
		Release|Any CPU = Release|Any CPU
		Release|iPhone = Release|iPhone
		Release|iPhoneSimulator = Release|iPhoneSimulator
	EndGlobalSection
	GlobalSection(ProjectConfigurationPlatforms) = postSolution
		{18150117-60E1-4D88-8FB0-0CD1C32E77EB}.Ad-Hoc|Any CPU.ActiveCfg = Release|Any CPU
		{18150117-60E1-4D88-8FB0-0CD1C32E77EB}.Ad-Hoc|Any CPU.Build.0 = Release|Any CPU
		{18150117-60E1-4D88-8FB0-0CD1C32E77EB}.Ad-Hoc|Any CPU.Deploy.0 = Release|Any CPU
		{18150117-60E1-4D88-8FB0-0CD1C32E77EB}.Ad-Hoc|iPhone.ActiveCfg = Release|Any CPU
		{18150117-60E1-4D88-8FB0-0CD1C32E77EB}.Ad-Hoc|iPhone.Build.0 = Release|Any CPU
		{18150117-60E1-4D88-8FB0-0CD1C32E77EB}.Ad-Hoc|iPhone.Deploy.0 = Release|Any CPU
		{18150117-60E1-4D88-8FB0-0CD1C32E77EB}.Ad-Hoc|iPhoneSimulator.ActiveCfg = Release|Any CPU
		{18150117-60E1-4D88-8FB0-0CD1C32E77EB}.Ad-Hoc|iPhoneSimulator.Build.0 = Release|Any CPU
		{18150117-60E1-4D88-8FB0-0CD1C32E77EB}.Ad-Hoc|iPhoneSimulator.Deploy.0 = Release|Any CPU
		{18150117-60E1-4D88-8FB0-0CD1C32E77EB}.AppStore|Any CPU.ActiveCfg = Release|Any CPU
		{18150117-60E1-4D88-8FB0-0CD1C32E77EB}.AppStore|Any CPU.Build.0 = Release|Any CPU
		{18150117-60E1-4D88-8FB0-0CD1C32E77EB}.AppStore|Any CPU.Deploy.0 = Release|Any CPU
		{18150117-60E1-4D88-8FB0-0CD1C32E77EB}.AppStore|iPhone.ActiveCfg = Release|Any CPU
		{18150117-60E1-4D88-8FB0-0CD1C32E77EB}.AppStore|iPhone.Build.0 = Release|Any CPU
		{18150117-60E1-4D88-8FB0-0CD1C32E77EB}.AppStore|iPhone.Deploy.0 = Release|Any CPU
		{18150117-60E1-4D88-8FB0-0CD1C32E77EB}.AppStore|iPhoneSimulator.ActiveCfg = Release|Any CPU
		{18150117-60E1-4D88-8FB0-0CD1C32E77EB}.AppStore|iPhoneSimulator.Build.0 = Release|Any CPU
		{18150117-60E1-4D88-8FB0-0CD1C32E77EB}.AppStore|iPhoneSimulator.Deploy.0 = Release|Any CPU
		{18150117-60E1-4D88-8FB0-0CD1C32E77EB}.Debug|Any CPU.ActiveCfg = Debug|Any CPU
		{18150117-60E1-4D88-8FB0-0CD1C32E77EB}.Debug|Any CPU.Build.0 = Debug|Any CPU
		{18150117-60E1-4D88-8FB0-0CD1C32E77EB}.Debug|Any CPU.Deploy.0 = Debug|Any CPU
		{18150117-60E1-4D88-8FB0-0CD1C32E77EB}.Debug|iPhone.ActiveCfg = Debug|Any CPU
		{18150117-60E1-4D88-8FB0-0CD1C32E77EB}.Debug|iPhone.Build.0 = Debug|Any CPU
		{18150117-60E1-4D88-8FB0-0CD1C32E77EB}.Debug|iPhone.Deploy.0 = Debug|Any CPU
		{18150117-60E1-4D88-8FB0-0CD1C32E77EB}.Debug|iPhoneSimulator.ActiveCfg = Debug|Any CPU
		{18150117-60E1-4D88-8FB0-0CD1C32E77EB}.Debug|iPhoneSimulator.Build.0 = Debug|Any CPU
		{18150117-60E1-4D88-8FB0-0CD1C32E77EB}.Debug|iPhoneSimulator.Deploy.0 = Debug|Any CPU
		{18150117-60E1-4D88-8FB0-0CD1C32E77EB}.Release|Any CPU.ActiveCfg = Release|Any CPU
		{18150117-60E1-4D88-8FB0-0CD1C32E77EB}.Release|Any CPU.Build.0 = Release|Any CPU
		{18150117-60E1-4D88-8FB0-0CD1C32E77EB}.Release|Any CPU.Deploy.0 = Release|Any CPU
		{18150117-60E1-4D88-8FB0-0CD1C32E77EB}.Release|iPhone.ActiveCfg = Release|Any CPU
		{18150117-60E1-4D88-8FB0-0CD1C32E77EB}.Release|iPhone.Build.0 = Release|Any CPU
		{18150117-60E1-4D88-8FB0-0CD1C32E77EB}.Release|iPhone.Deploy.0 = Release|Any CPU
		{18150117-60E1-4D88-8FB0-0CD1C32E77EB}.Release|iPhoneSimulator.ActiveCfg = Release|Any CPU
		{18150117-60E1-4D88-8FB0-0CD1C32E77EB}.Release|iPhoneSimulator.Build.0 = Release|Any CPU
		{18150117-60E1-4D88-8FB0-0CD1C32E77EB}.Release|iPhoneSimulator.Deploy.0 = Release|Any CPU
		{49CEF71A-381B-47FC-8F61-23B203A75CCE}.Ad-Hoc|Any CPU.ActiveCfg = Ad-Hoc|iPhone
		{49CEF71A-381B-47FC-8F61-23B203A75CCE}.Ad-Hoc|Any CPU.Build.0 = Ad-Hoc|iPhone
		{49CEF71A-381B-47FC-8F61-23B203A75CCE}.Ad-Hoc|Any CPU.Deploy.0 = Ad-Hoc|iPhone
		{49CEF71A-381B-47FC-8F61-23B203A75CCE}.Ad-Hoc|iPhone.ActiveCfg = Ad-Hoc|iPhone
		{49CEF71A-381B-47FC-8F61-23B203A75CCE}.Ad-Hoc|iPhone.Build.0 = Ad-Hoc|iPhone
		{49CEF71A-381B-47FC-8F61-23B203A75CCE}.Ad-Hoc|iPhone.Deploy.0 = Ad-Hoc|iPhone
		{49CEF71A-381B-47FC-8F61-23B203A75CCE}.Ad-Hoc|iPhoneSimulator.ActiveCfg = Ad-Hoc|iPhoneSimulator
		{49CEF71A-381B-47FC-8F61-23B203A75CCE}.Ad-Hoc|iPhoneSimulator.Build.0 = Ad-Hoc|iPhoneSimulator
		{49CEF71A-381B-47FC-8F61-23B203A75CCE}.Ad-Hoc|iPhoneSimulator.Deploy.0 = Ad-Hoc|iPhoneSimulator
		{49CEF71A-381B-47FC-8F61-23B203A75CCE}.AppStore|Any CPU.ActiveCfg = AppStore|iPhone
		{49CEF71A-381B-47FC-8F61-23B203A75CCE}.AppStore|Any CPU.Build.0 = AppStore|iPhone
		{49CEF71A-381B-47FC-8F61-23B203A75CCE}.AppStore|Any CPU.Deploy.0 = AppStore|iPhone
		{49CEF71A-381B-47FC-8F61-23B203A75CCE}.AppStore|iPhone.ActiveCfg = AppStore|iPhone
		{49CEF71A-381B-47FC-8F61-23B203A75CCE}.AppStore|iPhone.Build.0 = AppStore|iPhone
		{49CEF71A-381B-47FC-8F61-23B203A75CCE}.AppStore|iPhone.Deploy.0 = AppStore|iPhone
		{49CEF71A-381B-47FC-8F61-23B203A75CCE}.AppStore|iPhoneSimulator.ActiveCfg = AppStore|iPhoneSimulator
		{49CEF71A-381B-47FC-8F61-23B203A75CCE}.AppStore|iPhoneSimulator.Build.0 = AppStore|iPhoneSimulator
		{49CEF71A-381B-47FC-8F61-23B203A75CCE}.AppStore|iPhoneSimulator.Deploy.0 = AppStore|iPhoneSimulator
		{49CEF71A-381B-47FC-8F61-23B203A75CCE}.Debug|Any CPU.ActiveCfg = Debug|iPhoneSimulator
		{49CEF71A-381B-47FC-8F61-23B203A75CCE}.Debug|Any CPU.Build.0 = Debug|iPhoneSimulator
		{49CEF71A-381B-47FC-8F61-23B203A75CCE}.Debug|Any CPU.Deploy.0 = Debug|iPhoneSimulator
		{49CEF71A-381B-47FC-8F61-23B203A75CCE}.Debug|iPhone.ActiveCfg = Debug|iPhone
		{49CEF71A-381B-47FC-8F61-23B203A75CCE}.Debug|iPhone.Build.0 = Debug|iPhone
		{49CEF71A-381B-47FC-8F61-23B203A75CCE}.Debug|iPhone.Deploy.0 = Debug|iPhone
		{49CEF71A-381B-47FC-8F61-23B203A75CCE}.Debug|iPhoneSimulator.ActiveCfg = Debug|iPhoneSimulator
		{49CEF71A-381B-47FC-8F61-23B203A75CCE}.Debug|iPhoneSimulator.Build.0 = Debug|iPhoneSimulator
		{49CEF71A-381B-47FC-8F61-23B203A75CCE}.Debug|iPhoneSimulator.Deploy.0 = Debug|iPhoneSimulator
		{49CEF71A-381B-47FC-8F61-23B203A75CCE}.Release|Any CPU.ActiveCfg = Release|iPhone
		{49CEF71A-381B-47FC-8F61-23B203A75CCE}.Release|Any CPU.Build.0 = Release|iPhone
		{49CEF71A-381B-47FC-8F61-23B203A75CCE}.Release|Any CPU.Deploy.0 = Release|iPhone
		{49CEF71A-381B-47FC-8F61-23B203A75CCE}.Release|iPhone.ActiveCfg = Release|iPhone
		{49CEF71A-381B-47FC-8F61-23B203A75CCE}.Release|iPhone.Build.0 = Release|iPhone
		{49CEF71A-381B-47FC-8F61-23B203A75CCE}.Release|iPhone.Deploy.0 = Release|iPhone
		{49CEF71A-381B-47FC-8F61-23B203A75CCE}.Release|iPhoneSimulator.ActiveCfg = Release|iPhoneSimulator
		{49CEF71A-381B-47FC-8F61-23B203A75CCE}.Release|iPhoneSimulator.Build.0 = Release|iPhoneSimulator
		{49CEF71A-381B-47FC-8F61-23B203A75CCE}.Release|iPhoneSimulator.Deploy.0 = Release|iPhoneSimulator
		{C5105912-86DD-463C-8253-F0F9233736AB}.Ad-Hoc|Any CPU.ActiveCfg = Debug|Any CPU
		{C5105912-86DD-463C-8253-F0F9233736AB}.Ad-Hoc|Any CPU.Build.0 = Debug|Any CPU
		{C5105912-86DD-463C-8253-F0F9233736AB}.Ad-Hoc|Any CPU.Deploy.0 = Debug|Any CPU
		{C5105912-86DD-463C-8253-F0F9233736AB}.Ad-Hoc|iPhone.ActiveCfg = Debug|Any CPU
		{C5105912-86DD-463C-8253-F0F9233736AB}.Ad-Hoc|iPhone.Build.0 = Debug|Any CPU
		{C5105912-86DD-463C-8253-F0F9233736AB}.Ad-Hoc|iPhone.Deploy.0 = Debug|Any CPU
		{C5105912-86DD-463C-8253-F0F9233736AB}.Ad-Hoc|iPhoneSimulator.ActiveCfg = Debug|Any CPU
		{C5105912-86DD-463C-8253-F0F9233736AB}.Ad-Hoc|iPhoneSimulator.Build.0 = Debug|Any CPU
		{C5105912-86DD-463C-8253-F0F9233736AB}.Ad-Hoc|iPhoneSimulator.Deploy.0 = Debug|Any CPU
		{C5105912-86DD-463C-8253-F0F9233736AB}.AppStore|Any CPU.ActiveCfg = Debug|Any CPU
		{C5105912-86DD-463C-8253-F0F9233736AB}.AppStore|Any CPU.Build.0 = Debug|Any CPU
		{C5105912-86DD-463C-8253-F0F9233736AB}.AppStore|Any CPU.Deploy.0 = Debug|Any CPU
		{C5105912-86DD-463C-8253-F0F9233736AB}.AppStore|iPhone.ActiveCfg = Debug|Any CPU
		{C5105912-86DD-463C-8253-F0F9233736AB}.AppStore|iPhone.Build.0 = Debug|Any CPU
		{C5105912-86DD-463C-8253-F0F9233736AB}.AppStore|iPhone.Deploy.0 = Debug|Any CPU
		{C5105912-86DD-463C-8253-F0F9233736AB}.AppStore|iPhoneSimulator.ActiveCfg = Debug|Any CPU
		{C5105912-86DD-463C-8253-F0F9233736AB}.AppStore|iPhoneSimulator.Build.0 = Debug|Any CPU
		{C5105912-86DD-463C-8253-F0F9233736AB}.AppStore|iPhoneSimulator.Deploy.0 = Debug|Any CPU
		{C5105912-86DD-463C-8253-F0F9233736AB}.Debug|Any CPU.ActiveCfg = Debug|Any CPU
		{C5105912-86DD-463C-8253-F0F9233736AB}.Debug|Any CPU.Build.0 = Debug|Any CPU
		{C5105912-86DD-463C-8253-F0F9233736AB}.Debug|Any CPU.Deploy.0 = Debug|Any CPU
		{C5105912-86DD-463C-8253-F0F9233736AB}.Debug|iPhone.ActiveCfg = Debug|Any CPU
		{C5105912-86DD-463C-8253-F0F9233736AB}.Debug|iPhone.Build.0 = Debug|Any CPU
		{C5105912-86DD-463C-8253-F0F9233736AB}.Debug|iPhone.Deploy.0 = Debug|Any CPU
		{C5105912-86DD-463C-8253-F0F9233736AB}.Debug|iPhoneSimulator.ActiveCfg = Debug|Any CPU
		{C5105912-86DD-463C-8253-F0F9233736AB}.Debug|iPhoneSimulator.Build.0 = Debug|Any CPU
		{C5105912-86DD-463C-8253-F0F9233736AB}.Debug|iPhoneSimulator.Deploy.0 = Debug|Any CPU
		{C5105912-86DD-463C-8253-F0F9233736AB}.Release|Any CPU.ActiveCfg = Release|Any CPU
		{C5105912-86DD-463C-8253-F0F9233736AB}.Release|Any CPU.Build.0 = Release|Any CPU
		{C5105912-86DD-463C-8253-F0F9233736AB}.Release|Any CPU.Deploy.0 = Release|Any CPU
		{C5105912-86DD-463C-8253-F0F9233736AB}.Release|iPhone.ActiveCfg = Release|Any CPU
		{C5105912-86DD-463C-8253-F0F9233736AB}.Release|iPhone.Build.0 = Release|Any CPU
		{C5105912-86DD-463C-8253-F0F9233736AB}.Release|iPhone.Deploy.0 = Release|Any CPU
		{C5105912-86DD-463C-8253-F0F9233736AB}.Release|iPhoneSimulator.ActiveCfg = Release|Any CPU
		{C5105912-86DD-463C-8253-F0F9233736AB}.Release|iPhoneSimulator.Build.0 = Release|Any CPU
		{C5105912-86DD-463C-8253-F0F9233736AB}.Release|iPhoneSimulator.Deploy.0 = Release|Any CPU
		{35267A96-552A-4F38-B3FF-59F409349D53}.Ad-Hoc|Any CPU.ActiveCfg = Release|Any CPU
		{35267A96-552A-4F38-B3FF-59F409349D53}.Ad-Hoc|Any CPU.Build.0 = Release|Any CPU
		{35267A96-552A-4F38-B3FF-59F409349D53}.Ad-Hoc|iPhone.ActiveCfg = Release|Any CPU
		{35267A96-552A-4F38-B3FF-59F409349D53}.Ad-Hoc|iPhone.Build.0 = Release|Any CPU
		{35267A96-552A-4F38-B3FF-59F409349D53}.Ad-Hoc|iPhoneSimulator.ActiveCfg = Release|Any CPU
		{35267A96-552A-4F38-B3FF-59F409349D53}.Ad-Hoc|iPhoneSimulator.Build.0 = Release|Any CPU
		{35267A96-552A-4F38-B3FF-59F409349D53}.AppStore|Any CPU.ActiveCfg = Release|Any CPU
		{35267A96-552A-4F38-B3FF-59F409349D53}.AppStore|Any CPU.Build.0 = Release|Any CPU
		{35267A96-552A-4F38-B3FF-59F409349D53}.AppStore|iPhone.ActiveCfg = Release|Any CPU
		{35267A96-552A-4F38-B3FF-59F409349D53}.AppStore|iPhone.Build.0 = Release|Any CPU
		{35267A96-552A-4F38-B3FF-59F409349D53}.AppStore|iPhoneSimulator.ActiveCfg = Release|Any CPU
		{35267A96-552A-4F38-B3FF-59F409349D53}.AppStore|iPhoneSimulator.Build.0 = Release|Any CPU
		{35267A96-552A-4F38-B3FF-59F409349D53}.Debug|Any CPU.ActiveCfg = Debug|Any CPU
		{35267A96-552A-4F38-B3FF-59F409349D53}.Debug|Any CPU.Build.0 = Debug|Any CPU
		{35267A96-552A-4F38-B3FF-59F409349D53}.Debug|iPhone.ActiveCfg = Debug|Any CPU
		{35267A96-552A-4F38-B3FF-59F409349D53}.Debug|iPhone.Build.0 = Debug|Any CPU
		{35267A96-552A-4F38-B3FF-59F409349D53}.Debug|iPhoneSimulator.ActiveCfg = Debug|Any CPU
		{35267A96-552A-4F38-B3FF-59F409349D53}.Debug|iPhoneSimulator.Build.0 = Debug|Any CPU
		{35267A96-552A-4F38-B3FF-59F409349D53}.Release|Any CPU.ActiveCfg = Release|Any CPU
		{35267A96-552A-4F38-B3FF-59F409349D53}.Release|Any CPU.Build.0 = Release|Any CPU
		{35267A96-552A-4F38-B3FF-59F409349D53}.Release|iPhone.ActiveCfg = Release|Any CPU
		{35267A96-552A-4F38-B3FF-59F409349D53}.Release|iPhone.Build.0 = Release|Any CPU
		{35267A96-552A-4F38-B3FF-59F409349D53}.Release|iPhoneSimulator.ActiveCfg = Release|Any CPU
		{35267A96-552A-4F38-B3FF-59F409349D53}.Release|iPhoneSimulator.Build.0 = Release|Any CPU
		{355D075B-A2A7-4DE2-AD3C-507713ACA371}.Ad-Hoc|Any CPU.ActiveCfg = Release|Any CPU
		{355D075B-A2A7-4DE2-AD3C-507713ACA371}.Ad-Hoc|Any CPU.Build.0 = Release|Any CPU
		{355D075B-A2A7-4DE2-AD3C-507713ACA371}.Ad-Hoc|iPhone.ActiveCfg = Release|Any CPU
		{355D075B-A2A7-4DE2-AD3C-507713ACA371}.Ad-Hoc|iPhone.Build.0 = Release|Any CPU
		{355D075B-A2A7-4DE2-AD3C-507713ACA371}.Ad-Hoc|iPhoneSimulator.ActiveCfg = Release|Any CPU
		{355D075B-A2A7-4DE2-AD3C-507713ACA371}.Ad-Hoc|iPhoneSimulator.Build.0 = Release|Any CPU
		{355D075B-A2A7-4DE2-AD3C-507713ACA371}.AppStore|Any CPU.ActiveCfg = Release|Any CPU
		{355D075B-A2A7-4DE2-AD3C-507713ACA371}.AppStore|Any CPU.Build.0 = Release|Any CPU
		{355D075B-A2A7-4DE2-AD3C-507713ACA371}.AppStore|iPhone.ActiveCfg = Release|Any CPU
		{355D075B-A2A7-4DE2-AD3C-507713ACA371}.AppStore|iPhone.Build.0 = Release|Any CPU
		{355D075B-A2A7-4DE2-AD3C-507713ACA371}.AppStore|iPhoneSimulator.ActiveCfg = Release|Any CPU
		{355D075B-A2A7-4DE2-AD3C-507713ACA371}.AppStore|iPhoneSimulator.Build.0 = Release|Any CPU
		{355D075B-A2A7-4DE2-AD3C-507713ACA371}.Debug|Any CPU.ActiveCfg = Debug|Any CPU
		{355D075B-A2A7-4DE2-AD3C-507713ACA371}.Debug|Any CPU.Build.0 = Debug|Any CPU
		{355D075B-A2A7-4DE2-AD3C-507713ACA371}.Debug|iPhone.ActiveCfg = Debug|Any CPU
		{355D075B-A2A7-4DE2-AD3C-507713ACA371}.Debug|iPhone.Build.0 = Debug|Any CPU
		{355D075B-A2A7-4DE2-AD3C-507713ACA371}.Debug|iPhoneSimulator.ActiveCfg = Debug|Any CPU
		{355D075B-A2A7-4DE2-AD3C-507713ACA371}.Debug|iPhoneSimulator.Build.0 = Debug|Any CPU
		{355D075B-A2A7-4DE2-AD3C-507713ACA371}.Release|Any CPU.ActiveCfg = Release|Any CPU
		{355D075B-A2A7-4DE2-AD3C-507713ACA371}.Release|Any CPU.Build.0 = Release|Any CPU
		{355D075B-A2A7-4DE2-AD3C-507713ACA371}.Release|iPhone.ActiveCfg = Release|Any CPU
		{355D075B-A2A7-4DE2-AD3C-507713ACA371}.Release|iPhone.Build.0 = Release|Any CPU
		{355D075B-A2A7-4DE2-AD3C-507713ACA371}.Release|iPhoneSimulator.ActiveCfg = Release|Any CPU
		{355D075B-A2A7-4DE2-AD3C-507713ACA371}.Release|iPhoneSimulator.Build.0 = Release|Any CPU
		{34E8B997-93EF-42F8-8BF8-7B0EF45BD825}.Ad-Hoc|Any CPU.ActiveCfg = Release|Any CPU
		{34E8B997-93EF-42F8-8BF8-7B0EF45BD825}.Ad-Hoc|Any CPU.Build.0 = Release|Any CPU
		{34E8B997-93EF-42F8-8BF8-7B0EF45BD825}.Ad-Hoc|iPhone.ActiveCfg = Release|Any CPU
		{34E8B997-93EF-42F8-8BF8-7B0EF45BD825}.Ad-Hoc|iPhone.Build.0 = Release|Any CPU
		{34E8B997-93EF-42F8-8BF8-7B0EF45BD825}.Ad-Hoc|iPhoneSimulator.ActiveCfg = Release|Any CPU
		{34E8B997-93EF-42F8-8BF8-7B0EF45BD825}.Ad-Hoc|iPhoneSimulator.Build.0 = Release|Any CPU
		{34E8B997-93EF-42F8-8BF8-7B0EF45BD825}.AppStore|Any CPU.ActiveCfg = Release|Any CPU
		{34E8B997-93EF-42F8-8BF8-7B0EF45BD825}.AppStore|Any CPU.Build.0 = Release|Any CPU
		{34E8B997-93EF-42F8-8BF8-7B0EF45BD825}.AppStore|iPhone.ActiveCfg = Release|Any CPU
		{34E8B997-93EF-42F8-8BF8-7B0EF45BD825}.AppStore|iPhone.Build.0 = Release|Any CPU
		{34E8B997-93EF-42F8-8BF8-7B0EF45BD825}.AppStore|iPhoneSimulator.ActiveCfg = Release|Any CPU
		{34E8B997-93EF-42F8-8BF8-7B0EF45BD825}.AppStore|iPhoneSimulator.Build.0 = Release|Any CPU
		{34E8B997-93EF-42F8-8BF8-7B0EF45BD825}.Debug|Any CPU.ActiveCfg = Debug|Any CPU
		{34E8B997-93EF-42F8-8BF8-7B0EF45BD825}.Debug|Any CPU.Build.0 = Debug|Any CPU
		{34E8B997-93EF-42F8-8BF8-7B0EF45BD825}.Debug|iPhone.ActiveCfg = Debug|Any CPU
		{34E8B997-93EF-42F8-8BF8-7B0EF45BD825}.Debug|iPhone.Build.0 = Debug|Any CPU
		{34E8B997-93EF-42F8-8BF8-7B0EF45BD825}.Debug|iPhoneSimulator.ActiveCfg = Debug|Any CPU
		{34E8B997-93EF-42F8-8BF8-7B0EF45BD825}.Debug|iPhoneSimulator.Build.0 = Debug|Any CPU
		{34E8B997-93EF-42F8-8BF8-7B0EF45BD825}.Release|Any CPU.ActiveCfg = Release|Any CPU
		{34E8B997-93EF-42F8-8BF8-7B0EF45BD825}.Release|Any CPU.Build.0 = Release|Any CPU
		{34E8B997-93EF-42F8-8BF8-7B0EF45BD825}.Release|iPhone.ActiveCfg = Release|Any CPU
		{34E8B997-93EF-42F8-8BF8-7B0EF45BD825}.Release|iPhone.Build.0 = Release|Any CPU
		{34E8B997-93EF-42F8-8BF8-7B0EF45BD825}.Release|iPhoneSimulator.ActiveCfg = Release|Any CPU
		{34E8B997-93EF-42F8-8BF8-7B0EF45BD825}.Release|iPhoneSimulator.Build.0 = Release|Any CPU
		{3E9CE072-DA24-485C-9256-3DDFB9BA08C9}.Ad-Hoc|Any CPU.ActiveCfg = Release|Any CPU
		{3E9CE072-DA24-485C-9256-3DDFB9BA08C9}.Ad-Hoc|Any CPU.Build.0 = Release|Any CPU
		{3E9CE072-DA24-485C-9256-3DDFB9BA08C9}.Ad-Hoc|iPhone.ActiveCfg = Release|Any CPU
		{3E9CE072-DA24-485C-9256-3DDFB9BA08C9}.Ad-Hoc|iPhone.Build.0 = Release|Any CPU
		{3E9CE072-DA24-485C-9256-3DDFB9BA08C9}.Ad-Hoc|iPhoneSimulator.ActiveCfg = Release|Any CPU
		{3E9CE072-DA24-485C-9256-3DDFB9BA08C9}.Ad-Hoc|iPhoneSimulator.Build.0 = Release|Any CPU
		{3E9CE072-DA24-485C-9256-3DDFB9BA08C9}.AppStore|Any CPU.ActiveCfg = Release|Any CPU
		{3E9CE072-DA24-485C-9256-3DDFB9BA08C9}.AppStore|Any CPU.Build.0 = Release|Any CPU
		{3E9CE072-DA24-485C-9256-3DDFB9BA08C9}.AppStore|iPhone.ActiveCfg = Release|Any CPU
		{3E9CE072-DA24-485C-9256-3DDFB9BA08C9}.AppStore|iPhone.Build.0 = Release|Any CPU
		{3E9CE072-DA24-485C-9256-3DDFB9BA08C9}.AppStore|iPhoneSimulator.ActiveCfg = Release|Any CPU
		{3E9CE072-DA24-485C-9256-3DDFB9BA08C9}.AppStore|iPhoneSimulator.Build.0 = Release|Any CPU
		{3E9CE072-DA24-485C-9256-3DDFB9BA08C9}.Debug|Any CPU.ActiveCfg = Debug|Any CPU
		{3E9CE072-DA24-485C-9256-3DDFB9BA08C9}.Debug|Any CPU.Build.0 = Debug|Any CPU
		{3E9CE072-DA24-485C-9256-3DDFB9BA08C9}.Debug|iPhone.ActiveCfg = Debug|Any CPU
		{3E9CE072-DA24-485C-9256-3DDFB9BA08C9}.Debug|iPhone.Build.0 = Debug|Any CPU
		{3E9CE072-DA24-485C-9256-3DDFB9BA08C9}.Debug|iPhoneSimulator.ActiveCfg = Debug|Any CPU
		{3E9CE072-DA24-485C-9256-3DDFB9BA08C9}.Debug|iPhoneSimulator.Build.0 = Debug|Any CPU
		{3E9CE072-DA24-485C-9256-3DDFB9BA08C9}.Release|Any CPU.ActiveCfg = Release|Any CPU
		{3E9CE072-DA24-485C-9256-3DDFB9BA08C9}.Release|Any CPU.Build.0 = Release|Any CPU
		{3E9CE072-DA24-485C-9256-3DDFB9BA08C9}.Release|iPhone.ActiveCfg = Release|Any CPU
		{3E9CE072-DA24-485C-9256-3DDFB9BA08C9}.Release|iPhone.Build.0 = Release|Any CPU
		{3E9CE072-DA24-485C-9256-3DDFB9BA08C9}.Release|iPhoneSimulator.ActiveCfg = Release|Any CPU
		{3E9CE072-DA24-485C-9256-3DDFB9BA08C9}.Release|iPhoneSimulator.Build.0 = Release|Any CPU
	EndGlobalSection
	GlobalSection(SolutionProperties) = preSolution
		HideSolutionNode = FALSE
	EndGlobalSection
	GlobalSection(ExtensibilityGlobals) = postSolution
		SolutionGuid = {B47DF463-2C01-43AE-9F04-E79E78253674}
	EndGlobalSection
EndGlobal
